
Microsoft Visual Studio Solution File, Format Version 12.00
# Visual Studio Version 16
VisualStudioVersion = 16.0.29709.97
MinimumVisualStudioVersion = 10.0.40219.1
Project("{FAE04EC0-301F-11D3-BF4B-00C04F79EFBC}") = "FreakyFashion", "FreakyFashion.csproj", "{1D1EAFB6-B25B-4D5B-8060-9315CD8FE223}"
EndProject
Global
	GlobalSection(SolutionConfigurationPlatforms) = preSolution
		Debug|Any CPU = Debug|Any CPU
		Release|Any CPU = Release|Any CPU
	EndGlobalSection
	GlobalSection(ProjectConfigurationPlatforms) = postSolution
		{1D1EAFB6-B25B-4D5B-8060-9315CD8FE223}.Debug|Any CPU.ActiveCfg = Debug|Any CPU
		{1D1EAFB6-B25B-4D5B-8060-9315CD8FE223}.Debug|Any CPU.Build.0 = Debug|Any CPU
		{1D1EAFB6-B25B-4D5B-8060-9315CD8FE223}.Release|Any CPU.ActiveCfg = Release|Any CPU
		{1D1EAFB6-B25B-4D5B-8060-9315CD8FE223}.Release|Any CPU.Build.0 = Release|Any CPU
	EndGlobalSection
	GlobalSection(SolutionProperties) = preSolution
		HideSolutionNode = FALSE
	EndGlobalSection
	GlobalSection(ExtensibilityGlobals) = postSolution
		SolutionGuid = {D8074C9B-3544-4AE8-95F8-AC36CC54C01F}
	EndGlobalSection
EndGlobal
